// !$*UTF8*$!
{
	archiveVersion = 1;
	classes = {
	};
	objectVersion = 77;
	objects = {

/* Begin PBXBuildFile section */
		0775A1A1E11D26B159BBBD17 /* ServiceDispatcher.swift in Sources */ = {isa = PBXBuildFile; fileRef = E71519206C85015FE0A5F756 /* ServiceDispatcher.swift */; };
		08FFD206CDDE79EA0FC0A6D6 /* SlashCommand.swift in Sources */ = {isa = PBXBuildFile; fileRef = BA36970EBAC5529CEC978813 /* SlashCommand.swift */; };
		0D453F66D8AE4E698808411E /* perplexity.svg in Resources */ = {isa = PBXBuildFile; fileRef = AE8FDCD2077AE89C9867C471 /* perplexity.svg */; };
		0DB904F6ECD5D5F908CC29FF /* URLEncodingTests.swift in Sources */ = {isa = PBXBuildFile; fileRef = C333C9A158A37FBD974CFA0B /* URLEncodingTests.swift */; };
		0E88981E00E3CFA0375E7AA1 /* SlashCommand.swift in Sources */ = {isa = PBXBuildFile; fileRef = BA36970EBAC5529CEC978813 /* SlashCommand.swift */; };
		198C61B9115B43E14A07DA2A /* Assets.xcassets in Resources */ = {isa = PBXBuildFile; fileRef = 7C34D9DA5A69B02A2E9D3EAA /* Assets.xcassets */; };
		1AC819B3CC0E600D49753B95 /* DeliverButton.swift in Sources */ = {isa = PBXBuildFile; fileRef = EEA6D2B70B210FC41A49C3A4 /* DeliverButton.swift */; };
		2A32C55E25F620320F0F2D4C /* ToastPanel.swift in Sources */ = {isa = PBXBuildFile; fileRef = 7A7AEC35AF82CADA900BD555 /* ToastPanel.swift */; };
		31EB90C06E455E876787A8FD /* SetupWizardView.swift in Sources */ = {isa = PBXBuildFile; fileRef = 24141858E6F0CBABA361EF37 /* SetupWizardView.swift */; };
		3AB3D5BFDAA237317128657F /* CourierTextView.swift in Sources */ = {isa = PBXBuildFile; fileRef = F2966F52EE5E164C6A998B77 /* CourierTextView.swift */; };
		3AF4324D428C40BD1C8CDDAF /* DispatchChainTests.swift in Sources */ = {isa = PBXBuildFile; fileRef = C7AA0F043469499A6179DEA8 /* DispatchChainTests.swift */; };
		4834306934209E2F7436608E /* SettingsWindowController.swift in Sources */ = {isa = PBXBuildFile; fileRef = B8C2F68A847162779FBFAE7F /* SettingsWindowController.swift */; };
		4DA3A80A9C60FC26385B47F2 /* LauncherWindowController.swift in Sources */ = {isa = PBXBuildFile; fileRef = 8DA7CB3C725F043E8EE5F831 /* LauncherWindowController.swift */; };
		4E6263F72DCE8548BCEBE428 /* MenuBarView.swift in Sources */ = {isa = PBXBuildFile; fileRef = 895714AF57464A156FAFCE79 /* MenuBarView.swift */; };
		50206ACC947A3EC56A8E0CB9 /* SetupWizardWindowController.swift in Sources */ = {isa = PBXBuildFile; fileRef = 2011F90D54E9E5A9E20E8759 /* SetupWizardWindowController.swift */; };
		50227300DC93BE43FCFE95EF /* SearchService.swift in Sources */ = {isa = PBXBuildFile; fileRef = 5FF4C21EEFC1A0B19F3428AB /* SearchService.swift */; };
		51A3B9886563D5B70D234226 /* LauncherViewModel.swift in Sources */ = {isa = PBXBuildFile; fileRef = 8E32568662C61373356FD0E6 /* LauncherViewModel.swift */; };
		54463DD184A1BA7FAF981CBB /* chatgpt.svg in Resources */ = {isa = PBXBuildFile; fileRef = B3AB23A616311B0C040BD8D7 /* chatgpt.svg */; };
		55E68424FD2EE2D8F47AF90F /* ServiceDispatcher.swift in Sources */ = {isa = PBXBuildFile; fileRef = E71519206C85015FE0A5F756 /* ServiceDispatcher.swift */; };
		5800C8EE277D3C06C4CECCF4 /* LLMService.swift in Sources */ = {isa = PBXBuildFile; fileRef = 48345AD7CBBC3F15D92CE9AB /* LLMService.swift */; };
		662C98E38CA9B9F878278F60 /* LoginItemManager.swift in Sources */ = {isa = PBXBuildFile; fileRef = 913E7D1E7FDFAB3F0650B1E8 /* LoginItemManager.swift */; };
		66D4E1617175D8A3ECFEC98D /* SettingsView.swift in Sources */ = {isa = PBXBuildFile; fileRef = 0860A4EBBFA3AF278407D3F4 /* SettingsView.swift */; };
		68EBD15324224E2006797DD1 /* ToastPanel.swift in Sources */ = {isa = PBXBuildFile; fileRef = 7A7AEC35AF82CADA900BD555 /* ToastPanel.swift */; };
		69B82B8E20190732BE7E7254 /* KeyboardShortcuts in Frameworks */ = {isa = PBXBuildFile; productRef = 673FF32B1E8DE8E261D97327 /* KeyboardShortcuts */; };
		6B1824268A2352F2B25C93B8 /* ServiceType.swift in Sources */ = {isa = PBXBuildFile; fileRef = FAEA96E39F011A2BD69DC0B1 /* ServiceType.swift */; };
		703551CEBCD7F0D5D2675611 /* main.swift in Sources */ = {isa = PBXBuildFile; fileRef = 75603284C3E3297DEE0A917F /* main.swift */; };
		7A335C7D39D999333CFC359D /* LauncherTokens.swift in Sources */ = {isa = PBXBuildFile; fileRef = 55B480FAAFBDC1D3E99539DD /* LauncherTokens.swift */; };
		7ACA3C0AE3EBCE1DB349E6D6 /* SearchService.swift in Sources */ = {isa = PBXBuildFile; fileRef = 5FF4C21EEFC1A0B19F3428AB /* SearchService.swift */; };
		7D2F92A2A14CAEF64555EFB1 /* AppSettings.swift in Sources */ = {isa = PBXBuildFile; fileRef = F4306791EEC24A5DB3A5CC3A /* AppSettings.swift */; };
		7F6CE4FD178464DE9744F8A1 /* ServiceRegistry.swift in Sources */ = {isa = PBXBuildFile; fileRef = BD7B8115768923F6E0A57CEE /* ServiceRegistry.swift */; };
		812A96E13E3A3D7EC075A538 /* NotificationHelper.swift in Sources */ = {isa = PBXBuildFile; fileRef = 97EC24D44D603D16958C27C4 /* NotificationHelper.swift */; };
		81EA8FCD590EBA6F836EF4C6 /* claudecode.svg in Resources */ = {isa = PBXBuildFile; fileRef = F95559B5AC908B3131F1E37F /* claudecode.svg */; };
		84A7FDA9DBE3AE6A95644233 /* KeyboardShortcuts in Frameworks */ = {isa = PBXBuildFile; productRef = 40A6A677D7FA4E3D9460167B /* KeyboardShortcuts */; };
		8C3744F6D4A6EACE499E1656 /* ServiceProtocol.swift in Sources */ = {isa = PBXBuildFile; fileRef = A633BAC19461299308D6A373 /* ServiceProtocol.swift */; };
		8C94A4700AB0D97C200C7776 /* SearchProviderStep.swift in Sources */ = {isa = PBXBuildFile; fileRef = 5D80B1A8CD184B0A1E308BD3 /* SearchProviderStep.swift */; };
		93022E48CAEC6C63F44E83A9 /* ServiceProtocol.swift in Sources */ = {isa = PBXBuildFile; fileRef = A633BAC19461299308D6A373 /* ServiceProtocol.swift */; };
		9A75F15224EDA3059326EBFE /* SlashCommandStep.swift in Sources */ = {isa = PBXBuildFile; fileRef = 03411370A9CC58ED68CD976F /* SlashCommandStep.swift */; };
		CFA7F162EE92B5BAAD489F3D /* ServiceSelectionStep.swift in Sources */ = {isa = PBXBuildFile; fileRef = 218455956EC8A3273FB7CAB0 /* ServiceSelectionStep.swift */; };
		A0B4E43B10351720C26B92B9 /* HotkeySetupStep.swift in Sources */ = {isa = PBXBuildFile; fileRef = FB8C761BD9E0458E86D51EC6 /* HotkeySetupStep.swift */; };
		AB0E50E5C451B342B4184C58 /* LLMService.swift in Sources */ = {isa = PBXBuildFile; fileRef = 48345AD7CBBC3F15D92CE9AB /* LLMService.swift */; };
		ACD693F178B1DDE62D35DCDA /* LoginItemManager.swift in Sources */ = {isa = PBXBuildFile; fileRef = 913E7D1E7FDFAB3F0650B1E8 /* LoginItemManager.swift */; };
		AE01AB2568C7808BD41F4D38 /* google.svg in Resources */ = {isa = PBXBuildFile; fileRef = A26B7CB7C7A6C9715CCFEC1E /* google.svg */; };
		AE5A66CE1E06980B039A2040 /* CourierApp.swift in Sources */ = {isa = PBXBuildFile; fileRef = 2A4CF1B696C1CB7B47451B1A /* CourierApp.swift */; };
		AE847B898CEDE103FAB6274B /* AppDelegate.swift in Sources */ = {isa = PBXBuildFile; fileRef = 0C1919C1D565FF29394C6278 /* AppDelegate.swift */; };
		B0A08F14BA36162D30CE70A6 /* AppSettingsTests.swift in Sources */ = {isa = PBXBuildFile; fileRef = 024E854495BD67BDD665F5A8 /* AppSettingsTests.swift */; };
		B0FBF1AC261F72F936E8F9F2 /* ServiceRegistry.swift in Sources */ = {isa = PBXBuildFile; fileRef = BD7B8115768923F6E0A57CEE /* ServiceRegistry.swift */; };
		B2076D277006021A00AA84E9 /* claude.svg in Resources */ = {isa = PBXBuildFile; fileRef = 3001F3BB90203B069E29A9E8 /* claude.svg */; };
		B59EAF2463BE3CDA9EEC1853 /* HotKeyProvider.swift in Sources */ = {isa = PBXBuildFile; fileRef = C00675AC5A37FE6D64EF92E1 /* HotKeyProvider.swift */; };
		B6142CF629F6C1379B9BF43C /* SlashCommandTests.swift in Sources */ = {isa = PBXBuildFile; fileRef = 3A95CC58CC3D54AE3E66D8FD /* SlashCommandTests.swift */; };
		B8FDA8CE2B705C53381BDBAF /* duckduckgo-negative.svg in Resources */ = {isa = PBXBuildFile; fileRef = 4795C7C07492DB8C2C13A6F5 /* duckduckgo-negative.svg */; };
		B9084402F16872A4AB4A72E1 /* AppleScriptHelper.swift in Sources */ = {isa = PBXBuildFile; fileRef = 013DCAEE921EF01A35C316EF /* AppleScriptHelper.swift */; };
		B913B345FC157125235451C8 /* ServiceRegistryTests.swift in Sources */ = {isa = PBXBuildFile; fileRef = E8BD37508C8391419F6F2196 /* ServiceRegistryTests.swift */; };
		BEB8E0A1FB4261C3BC75769D /* ClaudeCodeService.swift in Sources */ = {isa = PBXBuildFile; fileRef = 7878251D2D85E0637A2DD45E /* ClaudeCodeService.swift */; };
		C07C15B449FFC0088BA9D165 /* ServiceButton.swift in Sources */ = {isa = PBXBuildFile; fileRef = 615498E1897DEFA1446B2C9D /* ServiceButton.swift */; };
		C353F95DCB2660CFE9D48BDF /* LLMSelectionStep.swift in Sources */ = {isa = PBXBuildFile; fileRef = FBFE535BADDDBB8FF5FF527D /* LLMSelectionStep.swift */; };
		C6267B9C96C43E666A6A307B /* gemini.svg in Resources */ = {isa = PBXBuildFile; fileRef = 78BBC80753A959D1B26DC96D /* gemini.svg */; };
		C7356D4B21BC5025E2C17590 /* LauncherView.swift in Sources */ = {isa = PBXBuildFile; fileRef = B324B7F92A57F99B1A802452 /* LauncherView.swift */; };
		C7C068A6FD866BD21C25C286 /* QueryInputView.swift in Sources */ = {isa = PBXBuildFile; fileRef = F239051016D81D03687F5AEF /* QueryInputView.swift */; };
		CA3F00C51BF340C0D453CE9F /* AccessibilityPermission.swift in Sources */ = {isa = PBXBuildFile; fileRef = BA70B70EF2F3159095C108C6 /* AccessibilityPermission.swift */; };
		CA85E52F510E78574776C365 /* LauncherPanel.swift in Sources */ = {isa = PBXBuildFile; fileRef = B52F5A980156215207341A21 /* LauncherPanel.swift */; };
		CD0B52A7CA66D6E7101D5580 /* kagi.svg in Resources */ = {isa = PBXBuildFile; fileRef = 19823F6A5DDE7BC086667966 /* kagi.svg */; };
		D0E90CB825437967F5757C59 /* AccessibilityPermission.swift in Sources */ = {isa = PBXBuildFile; fileRef = BA70B70EF2F3159095C108C6 /* AccessibilityPermission.swift */; };
		D227644F7DABD7A18C5291B2 /* AppSettings.swift in Sources */ = {isa = PBXBuildFile; fileRef = F4306791EEC24A5DB3A5CC3A /* AppSettings.swift */; };
		D7B0F28A10FA332656C8B6E7 /* ServiceType.swift in Sources */ = {isa = PBXBuildFile; fileRef = FAEA96E39F011A2BD69DC0B1 /* ServiceType.swift */; };
		D941E72DCEE7F8B6339522CB /* courier.svg in Resources */ = {isa = PBXBuildFile; fileRef = D68674DC4FE8A3674D8B342B /* courier.svg */; };
		DDAF11EF040D5FAC146979B0 /* duckduckgo.svg in Resources */ = {isa = PBXBuildFile; fileRef = 225C0F7BF957E75DA61F4A44 /* duckduckgo.svg */; };
		E3581528DD8D69D1B206390F /* ClaudeCodeService.swift in Sources */ = {isa = PBXBuildFile; fileRef = 7878251D2D85E0637A2DD45E /* ClaudeCodeService.swift */; };
		EF46B3FE35D456C009F2A0D3 /* ServiceBar.swift in Sources */ = {isa = PBXBuildFile; fileRef = 623A720E6BD4D32A0BEC52DC /* ServiceBar.swift */; };
		F913283E60F2F20C97E083D0 /* AppleScriptHelper.swift in Sources */ = {isa = PBXBuildFile; fileRef = 013DCAEE921EF01A35C316EF /* AppleScriptHelper.swift */; };
		FDF992893C14E51F30557994 /* youtube.svg in Resources */ = {isa = PBXBuildFile; fileRef = 41859AA1EEE7616F5337651F /* youtube.svg */; };
		FFF67BECD8C01B40FE4AD0D8 /* NotificationHelper.swift in Sources */ = {isa = PBXBuildFile; fileRef = 97EC24D44D603D16958C27C4 /* NotificationHelper.swift */; };
/* End PBXBuildFile section */

/* Begin PBXFileReference section */
		013DCAEE921EF01A35C316EF /* AppleScriptHelper.swift */ = {isa = PBXFileReference; lastKnownFileType = sourcecode.swift; path = AppleScriptHelper.swift; sourceTree = "<group>"; };
		024E854495BD67BDD665F5A8 /* AppSettingsTests.swift */ = {isa = PBXFileReference; lastKnownFileType = sourcecode.swift; path = AppSettingsTests.swift; sourceTree = "<group>"; };
		03411370A9CC58ED68CD976F /* SlashCommandStep.swift */ = {isa = PBXFileReference; lastKnownFileType = sourcecode.swift; path = SlashCommandStep.swift; sourceTree = "<group>"; };
		0860A4EBBFA3AF278407D3F4 /* SettingsView.swift */ = {isa = PBXFileReference; lastKnownFileType = sourcecode.swift; path = SettingsView.swift; sourceTree = "<group>"; };
		0C1919C1D565FF29394C6278 /* AppDelegate.swift */ = {isa = PBXFileReference; lastKnownFileType = sourcecode.swift; path = AppDelegate.swift; sourceTree = "<group>"; };
		19823F6A5DDE7BC086667966 /* kagi.svg */ = {isa = PBXFileReference; path = kagi.svg; sourceTree = "<group>"; };
		2011F90D54E9E5A9E20E8759 /* SetupWizardWindowController.swift */ = {isa = PBXFileReference; lastKnownFileType = sourcecode.swift; path = SetupWizardWindowController.swift; sourceTree = "<group>"; };
		225C0F7BF957E75DA61F4A44 /* duckduckgo.svg */ = {isa = PBXFileReference; path = duckduckgo.svg; sourceTree = "<group>"; };
		24141858E6F0CBABA361EF37 /* SetupWizardView.swift */ = {isa = PBXFileReference; lastKnownFileType = sourcecode.swift; path = SetupWizardView.swift; sourceTree = "<group>"; };
		2A4CF1B696C1CB7B47451B1A /* CourierApp.swift */ = {isa = PBXFileReference; lastKnownFileType = sourcecode.swift; path = CourierApp.swift; sourceTree = "<group>"; };
		3001F3BB90203B069E29A9E8 /* claude.svg */ = {isa = PBXFileReference; path = claude.svg; sourceTree = "<group>"; };
		3A95CC58CC3D54AE3E66D8FD /* SlashCommandTests.swift */ = {isa = PBXFileReference; lastKnownFileType = sourcecode.swift; path = SlashCommandTests.swift; sourceTree = "<group>"; };
		41859AA1EEE7616F5337651F /* youtube.svg */ = {isa = PBXFileReference; path = youtube.svg; sourceTree = "<group>"; };
		4795C7C07492DB8C2C13A6F5 /* duckduckgo-negative.svg */ = {isa = PBXFileReference; path = "duckduckgo-negative.svg"; sourceTree = "<group>"; };
		48345AD7CBBC3F15D92CE9AB /* LLMService.swift */ = {isa = PBXFileReference; lastKnownFileType = sourcecode.swift; path = LLMService.swift; sourceTree = "<group>"; };
		55B480FAAFBDC1D3E99539DD /* LauncherTokens.swift */ = {isa = PBXFileReference; lastKnownFileType = sourcecode.swift; path = LauncherTokens.swift; sourceTree = "<group>"; };
		57C8EC6E55DCC0D75C42AA72 /* Courier.entitlements */ = {isa = PBXFileReference; lastKnownFileType = text.plist.entitlements; path = Courier.entitlements; sourceTree = "<group>"; };
		5D80B1A8CD184B0A1E308BD3 /* SearchProviderStep.swift */ = {isa = PBXFileReference; lastKnownFileType = sourcecode.swift; path = SearchProviderStep.swift; sourceTree = "<group>"; };
		218455956EC8A3273FB7CAB0 /* ServiceSelectionStep.swift */ = {isa = PBXFileReference; lastKnownFileType = sourcecode.swift; path = ServiceSelectionStep.swift; sourceTree = "<group>"; };
		5FF4C21EEFC1A0B19F3428AB /* SearchService.swift */ = {isa = PBXFileReference; lastKnownFileType = sourcecode.swift; path = SearchService.swift; sourceTree = "<group>"; };
		615498E1897DEFA1446B2C9D /* ServiceButton.swift */ = {isa = PBXFileReference; lastKnownFileType = sourcecode.swift; path = ServiceButton.swift; sourceTree = "<group>"; };
		623A720E6BD4D32A0BEC52DC /* ServiceBar.swift */ = {isa = PBXFileReference; lastKnownFileType = sourcecode.swift; path = ServiceBar.swift; sourceTree = "<group>"; };
		6D4B3CBCF4A53A44DFA16BB5 /* Courier.app */ = {isa = PBXFileReference; explicitFileType = wrapper.application; includeInIndex = 0; path = Courier.app; sourceTree = BUILT_PRODUCTS_DIR; };
		75603284C3E3297DEE0A917F /* main.swift */ = {isa = PBXFileReference; lastKnownFileType = sourcecode.swift; path = main.swift; sourceTree = "<group>"; };
		7878251D2D85E0637A2DD45E /* ClaudeCodeService.swift */ = {isa = PBXFileReference; lastKnownFileType = sourcecode.swift; path = ClaudeCodeService.swift; sourceTree = "<group>"; };
		78BBC80753A959D1B26DC96D /* gemini.svg */ = {isa = PBXFileReference; path = gemini.svg; sourceTree = "<group>"; };
		7A7AEC35AF82CADA900BD555 /* ToastPanel.swift */ = {isa = PBXFileReference; lastKnownFileType = sourcecode.swift; path = ToastPanel.swift; sourceTree = "<group>"; };
		7C34D9DA5A69B02A2E9D3EAA /* Assets.xcassets */ = {isa = PBXFileReference; lastKnownFileType = folder.assetcatalog; path = Assets.xcassets; sourceTree = "<group>"; };
		895714AF57464A156FAFCE79 /* MenuBarView.swift */ = {isa = PBXFileReference; lastKnownFileType = sourcecode.swift; path = MenuBarView.swift; sourceTree = "<group>"; };
		8DA7CB3C725F043E8EE5F831 /* LauncherWindowController.swift */ = {isa = PBXFileReference; lastKnownFileType = sourcecode.swift; path = LauncherWindowController.swift; sourceTree = "<group>"; };
		8E32568662C61373356FD0E6 /* LauncherViewModel.swift */ = {isa = PBXFileReference; lastKnownFileType = sourcecode.swift; path = LauncherViewModel.swift; sourceTree = "<group>"; };
		913E7D1E7FDFAB3F0650B1E8 /* LoginItemManager.swift */ = {isa = PBXFileReference; lastKnownFileType = sourcecode.swift; path = LoginItemManager.swift; sourceTree = "<group>"; };
		97EC24D44D603D16958C27C4 /* NotificationHelper.swift */ = {isa = PBXFileReference; lastKnownFileType = sourcecode.swift; path = NotificationHelper.swift; sourceTree = "<group>"; };
		A26B7CB7C7A6C9715CCFEC1E /* google.svg */ = {isa = PBXFileReference; path = google.svg; sourceTree = "<group>"; };
		A633BAC19461299308D6A373 /* ServiceProtocol.swift */ = {isa = PBXFileReference; lastKnownFileType = sourcecode.swift; path = ServiceProtocol.swift; sourceTree = "<group>"; };
		AE8FDCD2077AE89C9867C471 /* perplexity.svg */ = {isa = PBXFileReference; path = perplexity.svg; sourceTree = "<group>"; };
		B324B7F92A57F99B1A802452 /* LauncherView.swift */ = {isa = PBXFileReference; lastKnownFileType = sourcecode.swift; path = LauncherView.swift; sourceTree = "<group>"; };
		B3AB23A616311B0C040BD8D7 /* chatgpt.svg */ = {isa = PBXFileReference; path = chatgpt.svg; sourceTree = "<group>"; };
		B52F5A980156215207341A21 /* LauncherPanel.swift */ = {isa = PBXFileReference; lastKnownFileType = sourcecode.swift; path = LauncherPanel.swift; sourceTree = "<group>"; };
		B8C2F68A847162779FBFAE7F /* SettingsWindowController.swift */ = {isa = PBXFileReference; lastKnownFileType = sourcecode.swift; path = SettingsWindowController.swift; sourceTree = "<group>"; };
		BA36970EBAC5529CEC978813 /* SlashCommand.swift */ = {isa = PBXFileReference; lastKnownFileType = sourcecode.swift; path = SlashCommand.swift; sourceTree = "<group>"; };
		BA70B70EF2F3159095C108C6 /* AccessibilityPermission.swift */ = {isa = PBXFileReference; lastKnownFileType = sourcecode.swift; path = AccessibilityPermission.swift; sourceTree = "<group>"; };
		BD7B8115768923F6E0A57CEE /* ServiceRegistry.swift */ = {isa = PBXFileReference; lastKnownFileType = sourcecode.swift; path = ServiceRegistry.swift; sourceTree = "<group>"; };
		C00675AC5A37FE6D64EF92E1 /* HotKeyProvider.swift */ = {isa = PBXFileReference; lastKnownFileType = sourcecode.swift; path = HotKeyProvider.swift; sourceTree = "<group>"; };
		C333C9A158A37FBD974CFA0B /* URLEncodingTests.swift */ = {isa = PBXFileReference; lastKnownFileType = sourcecode.swift; path = URLEncodingTests.swift; sourceTree = "<group>"; };
		C7AA0F043469499A6179DEA8 /* DispatchChainTests.swift */ = {isa = PBXFileReference; lastKnownFileType = sourcecode.swift; path = DispatchChainTests.swift; sourceTree = "<group>"; };
		D68674DC4FE8A3674D8B342B /* courier.svg */ = {isa = PBXFileReference; path = courier.svg; sourceTree = "<group>"; };
		DDC435963B019B86A15BEB91 /* CourierTests.xctest */ = {isa = PBXFileReference; explicitFileType = wrapper.cfbundle; includeInIndex = 0; path = CourierTests.xctest; sourceTree = BUILT_PRODUCTS_DIR; };
		E018628493FF9D82B0310D89 /* .gitkeep */ = {isa = PBXFileReference; path = .gitkeep; sourceTree = "<group>"; };
		E71519206C85015FE0A5F756 /* ServiceDispatcher.swift */ = {isa = PBXFileReference; lastKnownFileType = sourcecode.swift; path = ServiceDispatcher.swift; sourceTree = "<group>"; };
		E8BD37508C8391419F6F2196 /* ServiceRegistryTests.swift */ = {isa = PBXFileReference; lastKnownFileType = sourcecode.swift; path = ServiceRegistryTests.swift; sourceTree = "<group>"; };
		EAC6041C861A9354FEC75C7E /* Info.plist */ = {isa = PBXFileReference; lastKnownFileType = text.plist; path = Info.plist; sourceTree = "<group>"; };
		EEA6D2B70B210FC41A49C3A4 /* DeliverButton.swift */ = {isa = PBXFileReference; lastKnownFileType = sourcecode.swift; path = DeliverButton.swift; sourceTree = "<group>"; };
		F239051016D81D03687F5AEF /* QueryInputView.swift */ = {isa = PBXFileReference; lastKnownFileType = sourcecode.swift; path = QueryInputView.swift; sourceTree = "<group>"; };
		F2966F52EE5E164C6A998B77 /* CourierTextView.swift */ = {isa = PBXFileReference; lastKnownFileType = sourcecode.swift; path = CourierTextView.swift; sourceTree = "<group>"; };
		F4306791EEC24A5DB3A5CC3A /* AppSettings.swift */ = {isa = PBXFileReference; lastKnownFileType = sourcecode.swift; path = AppSettings.swift; sourceTree = "<group>"; };
		F95559B5AC908B3131F1E37F /* claudecode.svg */ = {isa = PBXFileReference; path = claudecode.svg; sourceTree = "<group>"; };
		FAEA96E39F011A2BD69DC0B1 /* ServiceType.swift */ = {isa = PBXFileReference; lastKnownFileType = sourcecode.swift; path = ServiceType.swift; sourceTree = "<group>"; };
		FB8C761BD9E0458E86D51EC6 /* HotkeySetupStep.swift */ = {isa = PBXFileReference; lastKnownFileType = sourcecode.swift; path = HotkeySetupStep.swift; sourceTree = "<group>"; };
		FBFE535BADDDBB8FF5FF527D /* LLMSelectionStep.swift */ = {isa = PBXFileReference; lastKnownFileType = sourcecode.swift; path = LLMSelectionStep.swift; sourceTree = "<group>"; };
/* End PBXFileReference section */

/* Begin PBXFrameworksBuildPhase section */
		44D0A37E09F659A82AA01B69 /* Frameworks */ = {
			isa = PBXFrameworksBuildPhase;
			buildActionMask = 2147483647;
			files = (
				69B82B8E20190732BE7E7254 /* KeyboardShortcuts in Frameworks */,
			);
			runOnlyForDeploymentPostprocessing = 0;
		};
		A2AA502B537A5ED6D5F660E1 /* Frameworks */ = {
			isa = PBXFrameworksBuildPhase;
			buildActionMask = 2147483647;
			files = (
				84A7FDA9DBE3AE6A95644233 /* KeyboardShortcuts in Frameworks */,
			);
			runOnlyForDeploymentPostprocessing = 0;
		};
/* End PBXFrameworksBuildPhase section */

/* Begin PBXGroup section */
		02B9BB6423558E35CE69512B /* MenuBar */ = {
			isa = PBXGroup;
			children = (
				895714AF57464A156FAFCE79 /* MenuBarView.swift */,
			);
			path = MenuBar;
			sourceTree = "<group>";
		};
		293B02178DAB4F478AC6CB17 /* Setup */ = {
			isa = PBXGroup;
			children = (
				FB8C761BD9E0458E86D51EC6 /* HotkeySetupStep.swift */,
				FBFE535BADDDBB8FF5FF527D /* LLMSelectionStep.swift */,
				5D80B1A8CD184B0A1E308BD3 /* SearchProviderStep.swift */,
				218455956EC8A3273FB7CAB0 /* ServiceSelectionStep.swift */,
				24141858E6F0CBABA361EF37 /* SetupWizardView.swift */,
				2011F90D54E9E5A9E20E8759 /* SetupWizardWindowController.swift */,
				03411370A9CC58ED68CD976F /* SlashCommandStep.swift */,
			);
			path = Setup;
			sourceTree = "<group>";
		};
		2A18A9B86F43185F254BEA07 /* Launcher */ = {
			isa = PBXGroup;
			children = (
				F2966F52EE5E164C6A998B77 /* CourierTextView.swift */,
				EEA6D2B70B210FC41A49C3A4 /* DeliverButton.swift */,
				B52F5A980156215207341A21 /* LauncherPanel.swift */,
				55B480FAAFBDC1D3E99539DD /* LauncherTokens.swift */,
				B324B7F92A57F99B1A802452 /* LauncherView.swift */,
				8E32568662C61373356FD0E6 /* LauncherViewModel.swift */,
				8DA7CB3C725F043E8EE5F831 /* LauncherWindowController.swift */,
				F239051016D81D03687F5AEF /* QueryInputView.swift */,
				623A720E6BD4D32A0BEC52DC /* ServiceBar.swift */,
				615498E1897DEFA1446B2C9D /* ServiceButton.swift */,
			);
			path = Launcher;
			sourceTree = "<group>";
		};
		31584C9FC5952F579BFDBD55 /* Settings */ = {
			isa = PBXGroup;
			children = (
				0860A4EBBFA3AF278407D3F4 /* SettingsView.swift */,
				B8C2F68A847162779FBFAE7F /* SettingsWindowController.swift */,
			);
			path = Settings;
			sourceTree = "<group>";
		};
		34EBD9B8A57171ECD0C3DEFA /* Products */ = {
			isa = PBXGroup;
			children = (
				6D4B3CBCF4A53A44DFA16BB5 /* Courier.app */,
				DDC435963B019B86A15BEB91 /* CourierTests.xctest */,
			);
			name = Products;
			sourceTree = "<group>";
		};
		3DF3D9B71B40FF48633B2A2F /* IncomingIcons */ = {
			isa = PBXGroup;
			children = (
				E018628493FF9D82B0310D89 /* .gitkeep */,
				B3AB23A616311B0C040BD8D7 /* chatgpt.svg */,
				F95559B5AC908B3131F1E37F /* claudecode.svg */,
				3001F3BB90203B069E29A9E8 /* claude.svg */,
				D68674DC4FE8A3674D8B342B /* courier.svg */,
				4795C7C07492DB8C2C13A6F5 /* duckduckgo-negative.svg */,
				225C0F7BF957E75DA61F4A44 /* duckduckgo.svg */,
				78BBC80753A959D1B26DC96D /* gemini.svg */,
				A26B7CB7C7A6C9715CCFEC1E /* google.svg */,
				19823F6A5DDE7BC086667966 /* kagi.svg */,
				AE8FDCD2077AE89C9867C471 /* perplexity.svg */,
				41859AA1EEE7616F5337651F /* youtube.svg */,
			);
			path = IncomingIcons;
			sourceTree = "<group>";
		};
		4136B269CB363967B0594508 /* Courier */ = {
			isa = PBXGroup;
			children = (
				57C8EC6E55DCC0D75C42AA72 /* Courier.entitlements */,
				CDE38737FD13FB87803715F3 /* App */,
				91E732F82B16E9A652D50941 /* HotKey */,
				D324D2FA408862B3B7DFCEF0 /* Models */,
				CB0FDDF4C1AF5BB1B735AB8E /* Resources */,
				848D6637D5BC06D596491D00 /* Services */,
				F682B6B32EAF6DD31314CFB0 /* Utilities */,
				C42C90EBCF09EB3BF43D737E /* Views */,
			);
			path = Courier;
			sourceTree = "<group>";
		};
		7BD5C62CD70D5CD2BC0DE934 /* CourierTests */ = {
			isa = PBXGroup;
			children = (
				024E854495BD67BDD665F5A8 /* AppSettingsTests.swift */,
				C7AA0F043469499A6179DEA8 /* DispatchChainTests.swift */,
				E8BD37508C8391419F6F2196 /* ServiceRegistryTests.swift */,
				3A95CC58CC3D54AE3E66D8FD /* SlashCommandTests.swift */,
				C333C9A158A37FBD974CFA0B /* URLEncodingTests.swift */,
			);
			path = CourierTests;
			sourceTree = "<group>";
		};
		848D6637D5BC06D596491D00 /* Services */ = {
			isa = PBXGroup;
			children = (
				013DCAEE921EF01A35C316EF /* AppleScriptHelper.swift */,
				7878251D2D85E0637A2DD45E /* ClaudeCodeService.swift */,
				48345AD7CBBC3F15D92CE9AB /* LLMService.swift */,
				5FF4C21EEFC1A0B19F3428AB /* SearchService.swift */,
				E71519206C85015FE0A5F756 /* ServiceDispatcher.swift */,
				A633BAC19461299308D6A373 /* ServiceProtocol.swift */,
				BD7B8115768923F6E0A57CEE /* ServiceRegistry.swift */,
			);
			path = Services;
			sourceTree = "<group>";
		};
		91E732F82B16E9A652D50941 /* HotKey */ = {
			isa = PBXGroup;
			children = (
				C00675AC5A37FE6D64EF92E1 /* HotKeyProvider.swift */,
			);
			path = HotKey;
			sourceTree = "<group>";
		};
		C42C90EBCF09EB3BF43D737E /* Views */ = {
			isa = PBXGroup;
			children = (
				2A18A9B86F43185F254BEA07 /* Launcher */,
				02B9BB6423558E35CE69512B /* MenuBar */,
				31584C9FC5952F579BFDBD55 /* Settings */,
				293B02178DAB4F478AC6CB17 /* Setup */,
			);
			path = Views;
			sourceTree = "<group>";
		};
		CB0FDDF4C1AF5BB1B735AB8E /* Resources */ = {
			isa = PBXGroup;
			children = (
				7C34D9DA5A69B02A2E9D3EAA /* Assets.xcassets */,
				3DF3D9B71B40FF48633B2A2F /* IncomingIcons */,
			);
			path = Resources;
			sourceTree = "<group>";
		};
		CDE38737FD13FB87803715F3 /* App */ = {
			isa = PBXGroup;
			children = (
				0C1919C1D565FF29394C6278 /* AppDelegate.swift */,
				2A4CF1B696C1CB7B47451B1A /* CourierApp.swift */,
				EAC6041C861A9354FEC75C7E /* Info.plist */,
				75603284C3E3297DEE0A917F /* main.swift */,
			);
			path = App;
			sourceTree = "<group>";
		};
		D324D2FA408862B3B7DFCEF0 /* Models */ = {
			isa = PBXGroup;
			children = (
				F4306791EEC24A5DB3A5CC3A /* AppSettings.swift */,
				FAEA96E39F011A2BD69DC0B1 /* ServiceType.swift */,
				BA36970EBAC5529CEC978813 /* SlashCommand.swift */,
			);
			path = Models;
			sourceTree = "<group>";
		};
		F3F293CA66021F57DFB3ED19 = {
			isa = PBXGroup;
			children = (
				4136B269CB363967B0594508 /* Courier */,
				7BD5C62CD70D5CD2BC0DE934 /* CourierTests */,
				34EBD9B8A57171ECD0C3DEFA /* Products */,
			);
			sourceTree = "<group>";
		};
		F682B6B32EAF6DD31314CFB0 /* Utilities */ = {
			isa = PBXGroup;
			children = (
				BA70B70EF2F3159095C108C6 /* AccessibilityPermission.swift */,
				913E7D1E7FDFAB3F0650B1E8 /* LoginItemManager.swift */,
				97EC24D44D603D16958C27C4 /* NotificationHelper.swift */,
				7A7AEC35AF82CADA900BD555 /* ToastPanel.swift */,
			);
			path = Utilities;
			sourceTree = "<group>";
		};
/* End PBXGroup section */

/* Begin PBXNativeTarget section */
		22E941833B4C67C3A3BD7D5B /* Courier */ = {
			isa = PBXNativeTarget;
			buildConfigurationList = 280FFDAEF730A1EFC03445EA /* Build configuration list for PBXNativeTarget "Courier" */;
			buildPhases = (
				952FFFC2ED04A44E21F76947 /* Sources */,
				0F242B94179EEE07D419F57E /* Resources */,
				44D0A37E09F659A82AA01B69 /* Frameworks */,
			);
			buildRules = (
			);
			dependencies = (
			);
			name = Courier;
			packageProductDependencies = (
				673FF32B1E8DE8E261D97327 /* KeyboardShortcuts */,
			);
			productName = Courier;
			productReference = 6D4B3CBCF4A53A44DFA16BB5 /* Courier.app */;
			productType = "com.apple.product-type.application";
		};
		6707FEEA6645AABFD7037BDC /* CourierTests */ = {
			isa = PBXNativeTarget;
			buildConfigurationList = 2F46488A2B8FB14BD0B413EF /* Build configuration list for PBXNativeTarget "CourierTests" */;
			buildPhases = (
				5452C50B343A6D0F6639EC74 /* Sources */,
				A2AA502B537A5ED6D5F660E1 /* Frameworks */,
			);
			buildRules = (
			);
			dependencies = (
			);
			name = CourierTests;
			packageProductDependencies = (
				40A6A677D7FA4E3D9460167B /* KeyboardShortcuts */,
			);
			productName = CourierTests;
			productReference = DDC435963B019B86A15BEB91 /* CourierTests.xctest */;
			productType = "com.apple.product-type.bundle.unit-test";
		};
/* End PBXNativeTarget section */

/* Begin PBXProject section */
		5119EEEA9C1B4C00B66AE5C0 /* Project object */ = {
			isa = PBXProject;
			attributes = {
				BuildIndependentTargetsInParallel = YES;
				LastUpgradeCheck = 1500;
				TargetAttributes = {
					22E941833B4C67C3A3BD7D5B = {
						ProvisioningStyle = Automatic;
					};
					6707FEEA6645AABFD7037BDC = {
						ProvisioningStyle = Automatic;
					};
				};
			};
			buildConfigurationList = F2ABBC065F5787A2B42E769E /* Build configuration list for PBXProject "Courier" */;
			developmentRegion = en;
			hasScannedForEncodings = 0;
			knownRegions = (
				Base,
				en,
			);
			mainGroup = F3F293CA66021F57DFB3ED19;
			minimizedProjectReferenceProxies = 1;
			packageReferences = (
				3DD3CD7657765D628D27DFAC /* XCRemoteSwiftPackageReference "KeyboardShortcuts" */,
			);
			preferredProjectObjectVersion = 77;
			productRefGroup = 34EBD9B8A57171ECD0C3DEFA /* Products */;
			projectDirPath = "";
			projectRoot = "";
			targets = (
				22E941833B4C67C3A3BD7D5B /* Courier */,
				6707FEEA6645AABFD7037BDC /* CourierTests */,
			);
		};
/* End PBXProject section */

/* Begin PBXResourcesBuildPhase section */
		0F242B94179EEE07D419F57E /* Resources */ = {
			isa = PBXResourcesBuildPhase;
			buildActionMask = 2147483647;
			files = (
				198C61B9115B43E14A07DA2A /* Assets.xcassets in Resources */,
				54463DD184A1BA7FAF981CBB /* chatgpt.svg in Resources */,
				81EA8FCD590EBA6F836EF4C6 /* claudecode.svg in Resources */,
				B2076D277006021A00AA84E9 /* claude.svg in Resources */,
				D941E72DCEE7F8B6339522CB /* courier.svg in Resources */,
				B8FDA8CE2B705C53381BDBAF /* duckduckgo-negative.svg in Resources */,
				DDAF11EF040D5FAC146979B0 /* duckduckgo.svg in Resources */,
				C6267B9C96C43E666A6A307B /* gemini.svg in Resources */,
				AE01AB2568C7808BD41F4D38 /* google.svg in Resources */,
				CD0B52A7CA66D6E7101D5580 /* kagi.svg in Resources */,
				0D453F66D8AE4E698808411E /* perplexity.svg in Resources */,
				FDF992893C14E51F30557994 /* youtube.svg in Resources */,
			);
			runOnlyForDeploymentPostprocessing = 0;
		};
/* End PBXResourcesBuildPhase section */

/* Begin PBXSourcesBuildPhase section */
		5452C50B343A6D0F6639EC74 /* Sources */ = {
			isa = PBXSourcesBuildPhase;
			buildActionMask = 2147483647;
			files = (
				CA3F00C51BF340C0D453CE9F /* AccessibilityPermission.swift in Sources */,
				D227644F7DABD7A18C5291B2 /* AppSettings.swift in Sources */,
				B0A08F14BA36162D30CE70A6 /* AppSettingsTests.swift in Sources */,
				F913283E60F2F20C97E083D0 /* AppleScriptHelper.swift in Sources */,
				BEB8E0A1FB4261C3BC75769D /* ClaudeCodeService.swift in Sources */,
				3AF4324D428C40BD1C8CDDAF /* DispatchChainTests.swift in Sources */,
				AB0E50E5C451B342B4184C58 /* LLMService.swift in Sources */,
				662C98E38CA9B9F878278F60 /* LoginItemManager.swift in Sources */,
				FFF67BECD8C01B40FE4AD0D8 /* NotificationHelper.swift in Sources */,
				50227300DC93BE43FCFE95EF /* SearchService.swift in Sources */,
				0775A1A1E11D26B159BBBD17 /* ServiceDispatcher.swift in Sources */,
				93022E48CAEC6C63F44E83A9 /* ServiceProtocol.swift in Sources */,
				B0FBF1AC261F72F936E8F9F2 /* ServiceRegistry.swift in Sources */,
				B913B345FC157125235451C8 /* ServiceRegistryTests.swift in Sources */,
				D7B0F28A10FA332656C8B6E7 /* ServiceType.swift in Sources */,
				08FFD206CDDE79EA0FC0A6D6 /* SlashCommand.swift in Sources */,
				B6142CF629F6C1379B9BF43C /* SlashCommandTests.swift in Sources */,
				68EBD15324224E2006797DD1 /* ToastPanel.swift in Sources */,
				0DB904F6ECD5D5F908CC29FF /* URLEncodingTests.swift in Sources */,
			);
			runOnlyForDeploymentPostprocessing = 0;
		};
		952FFFC2ED04A44E21F76947 /* Sources */ = {
			isa = PBXSourcesBuildPhase;
			buildActionMask = 2147483647;
			files = (
				D0E90CB825437967F5757C59 /* AccessibilityPermission.swift in Sources */,
				AE847B898CEDE103FAB6274B /* AppDelegate.swift in Sources */,
				7D2F92A2A14CAEF64555EFB1 /* AppSettings.swift in Sources */,
				B9084402F16872A4AB4A72E1 /* AppleScriptHelper.swift in Sources */,
				E3581528DD8D69D1B206390F /* ClaudeCodeService.swift in Sources */,
				AE5A66CE1E06980B039A2040 /* CourierApp.swift in Sources */,
				3AB3D5BFDAA237317128657F /* CourierTextView.swift in Sources */,
				1AC819B3CC0E600D49753B95 /* DeliverButton.swift in Sources */,
				B59EAF2463BE3CDA9EEC1853 /* HotKeyProvider.swift in Sources */,
				A0B4E43B10351720C26B92B9 /* HotkeySetupStep.swift in Sources */,
				C353F95DCB2660CFE9D48BDF /* LLMSelectionStep.swift in Sources */,
				5800C8EE277D3C06C4CECCF4 /* LLMService.swift in Sources */,
				CA85E52F510E78574776C365 /* LauncherPanel.swift in Sources */,
				7A335C7D39D999333CFC359D /* LauncherTokens.swift in Sources */,
				C7356D4B21BC5025E2C17590 /* LauncherView.swift in Sources */,
				51A3B9886563D5B70D234226 /* LauncherViewModel.swift in Sources */,
				4DA3A80A9C60FC26385B47F2 /* LauncherWindowController.swift in Sources */,
				ACD693F178B1DDE62D35DCDA /* LoginItemManager.swift in Sources */,
				4E6263F72DCE8548BCEBE428 /* MenuBarView.swift in Sources */,
				812A96E13E3A3D7EC075A538 /* NotificationHelper.swift in Sources */,
				C7C068A6FD866BD21C25C286 /* QueryInputView.swift in Sources */,
				8C94A4700AB0D97C200C7776 /* SearchProviderStep.swift in Sources */,
				CFA7F162EE92B5BAAD489F3D /* ServiceSelectionStep.swift in Sources */,
				7ACA3C0AE3EBCE1DB349E6D6 /* SearchService.swift in Sources */,
				EF46B3FE35D456C009F2A0D3 /* ServiceBar.swift in Sources */,
				C07C15B449FFC0088BA9D165 /* ServiceButton.swift in Sources */,
				55E68424FD2EE2D8F47AF90F /* ServiceDispatcher.swift in Sources */,
				8C3744F6D4A6EACE499E1656 /* ServiceProtocol.swift in Sources */,
				7F6CE4FD178464DE9744F8A1 /* ServiceRegistry.swift in Sources */,
				6B1824268A2352F2B25C93B8 /* ServiceType.swift in Sources */,
				66D4E1617175D8A3ECFEC98D /* SettingsView.swift in Sources */,
				4834306934209E2F7436608E /* SettingsWindowController.swift in Sources */,
				31EB90C06E455E876787A8FD /* SetupWizardView.swift in Sources */,
				50206ACC947A3EC56A8E0CB9 /* SetupWizardWindowController.swift in Sources */,
				0E88981E00E3CFA0375E7AA1 /* SlashCommand.swift in Sources */,
				9A75F15224EDA3059326EBFE /* SlashCommandStep.swift in Sources */,
				2A32C55E25F620320F0F2D4C /* ToastPanel.swift in Sources */,
				703551CEBCD7F0D5D2675611 /* main.swift in Sources */,
			);
			runOnlyForDeploymentPostprocessing = 0;
		};
/* End PBXSourcesBuildPhase section */

/* Begin XCBuildConfiguration section */
		15D1F95BC398E38861F48602 /* Debug */ = {
			isa = XCBuildConfiguration;
			buildSettings = {
				ASSETCATALOG_COMPILER_APPICON_NAME = AppIcon;
				CODE_SIGN_ENTITLEMENTS = Courier/Courier.entitlements;
				COMBINE_HIDPI_IMAGES = YES;
				INFOPLIST_FILE = Courier/App/Info.plist;
				LD_RUNPATH_SEARCH_PATHS = "$(inherited) @executable_path/../Frameworks";
				SDKROOT = macosx;
			};
			name = Debug;
		};
		1D2FE99079D3EF4AF42F2375 /* Release */ = {
			isa = XCBuildConfiguration;
			buildSettings = {
				ASSETCATALOG_COMPILER_APPICON_NAME = AppIcon;
				CODE_SIGN_ENTITLEMENTS = Courier/Courier.entitlements;
				COMBINE_HIDPI_IMAGES = YES;
				INFOPLIST_FILE = Courier/App/Info.plist;
				LD_RUNPATH_SEARCH_PATHS = "$(inherited) @executable_path/../Frameworks";
				SDKROOT = macosx;
			};
			name = Release;
		};
		2813740EDCD7272ADFE6A4A9 /* Release */ = {
			isa = XCBuildConfiguration;
			buildSettings = {
				BUNDLE_LOADER = "$(TEST_HOST)";
				COMBINE_HIDPI_IMAGES = YES;
				LD_RUNPATH_SEARCH_PATHS = (
					"$(inherited)",
					"@executable_path/../Frameworks",
					"@loader_path/../Frameworks",
				);
				MACOSX_DEPLOYMENT_TARGET = 14.0;
				SDKROOT = macosx;
				SWIFT_VERSION = 5.9;
			};
			name = Release;
		};
		6729745C78B2C7065F902B10 /* Debug */ = {
			isa = XCBuildConfiguration;
			buildSettings = {
				ALWAYS_SEARCH_USER_PATHS = NO;
				CLANG_ANALYZER_NONNULL = YES;
				CLANG_ANALYZER_NUMBER_OBJECT_CONVERSION = YES_AGGRESSIVE;
				CLANG_CXX_LANGUAGE_STANDARD = "gnu++14";
				CLANG_CXX_LIBRARY = "libc++";
				CLANG_ENABLE_MODULES = YES;
				CLANG_ENABLE_OBJC_ARC = YES;
				CLANG_ENABLE_OBJC_WEAK = YES;
				CLANG_WARN_BLOCK_CAPTURE_AUTORELEASING = YES;
				CLANG_WARN_BOOL_CONVERSION = YES;
				CLANG_WARN_COMMA = YES;
				CLANG_WARN_CONSTANT_CONVERSION = YES;
				CLANG_WARN_DEPRECATED_OBJC_IMPLEMENTATIONS = YES;
				CLANG_WARN_DIRECT_OBJC_ISA_USAGE = YES_ERROR;
				CLANG_WARN_DOCUMENTATION_COMMENTS = YES;
				CLANG_WARN_EMPTY_BODY = YES;
				CLANG_WARN_ENUM_CONVERSION = YES;
				CLANG_WARN_INFINITE_RECURSION = YES;
				CLANG_WARN_INT_CONVERSION = YES;
				CLANG_WARN_NON_LITERAL_NULL_CONVERSION = YES;
				CLANG_WARN_OBJC_IMPLICIT_RETAIN_SELF = YES;
				CLANG_WARN_OBJC_LITERAL_CONVERSION = YES;
				CLANG_WARN_OBJC_ROOT_CLASS = YES_ERROR;
				CLANG_WARN_QUOTED_INCLUDE_IN_FRAMEWORK_HEADER = YES;
				CLANG_WARN_RANGE_LOOP_ANALYSIS = YES;
				CLANG_WARN_STRICT_PROTOTYPES = YES;
				CLANG_WARN_SUSPICIOUS_MOVE = YES;
				CLANG_WARN_UNGUARDED_AVAILABILITY = YES_AGGRESSIVE;
				CLANG_WARN_UNREACHABLE_CODE = YES;
				CLANG_WARN__DUPLICATE_METHOD_MATCH = YES;
				CODE_SIGN_ENTITLEMENTS = Courier/Courier.entitlements;
				CODE_SIGN_STYLE = Automatic;
				COPY_PHASE_STRIP = NO;
				DEBUG_INFORMATION_FORMAT = dwarf;
				DEVELOPMENT_TEAM = FL2978XX59;
				ENABLE_HARDENED_RUNTIME = YES;
				ENABLE_STRICT_OBJC_MSGSEND = YES;
				ENABLE_TESTABILITY = YES;
				GCC_C_LANGUAGE_STANDARD = gnu11;
				GCC_DYNAMIC_NO_PIC = NO;
				GCC_NO_COMMON_BLOCKS = YES;
				GCC_OPTIMIZATION_LEVEL = 0;
				GCC_PREPROCESSOR_DEFINITIONS = (
					"$(inherited)",
					"DEBUG=1",
				);
				GCC_WARN_64_TO_32_BIT_CONVERSION = YES;
				GCC_WARN_ABOUT_RETURN_TYPE = YES_ERROR;
				GCC_WARN_UNDECLARED_SELECTOR = YES;
				GCC_WARN_UNINITIALIZED_AUTOS = YES_AGGRESSIVE;
				GCC_WARN_UNUSED_FUNCTION = YES;
				GCC_WARN_UNUSED_VARIABLE = YES;
				INFOPLIST_FILE = Courier/App/Info.plist;
				MACOSX_DEPLOYMENT_TARGET = 14.0;
				MTL_ENABLE_DEBUG_INFO = INCLUDE_SOURCE;
				MTL_FAST_MATH = YES;
				ONLY_ACTIVE_ARCH = YES;
				PRODUCT_BUNDLE_IDENTIFIER = com.courier.Courier;
				PRODUCT_NAME = "$(TARGET_NAME)";
				SDKROOT = macosx;
				SWIFT_ACTIVE_COMPILATION_CONDITIONS = DEBUG;
				SWIFT_OPTIMIZATION_LEVEL = "-Onone";
				SWIFT_VERSION = 5.9;
			};
			name = Debug;
		};
		9EDB4E05A1BDCECC024A72FA /* Release */ = {
			isa = XCBuildConfiguration;
			buildSettings = {
				ALWAYS_SEARCH_USER_PATHS = NO;
				CLANG_ANALYZER_NONNULL = YES;
				CLANG_ANALYZER_NUMBER_OBJECT_CONVERSION = YES_AGGRESSIVE;
				CLANG_CXX_LANGUAGE_STANDARD = "gnu++14";
				CLANG_CXX_LIBRARY = "libc++";
				CLANG_ENABLE_MODULES = YES;
				CLANG_ENABLE_OBJC_ARC = YES;
				CLANG_ENABLE_OBJC_WEAK = YES;
				CLANG_WARN_BLOCK_CAPTURE_AUTORELEASING = YES;
				CLANG_WARN_BOOL_CONVERSION = YES;
				CLANG_WARN_COMMA = YES;
				CLANG_WARN_CONSTANT_CONVERSION = YES;
				CLANG_WARN_DEPRECATED_OBJC_IMPLEMENTATIONS = YES;
				CLANG_WARN_DIRECT_OBJC_ISA_USAGE = YES_ERROR;
				CLANG_WARN_DOCUMENTATION_COMMENTS = YES;
				CLANG_WARN_EMPTY_BODY = YES;
				CLANG_WARN_ENUM_CONVERSION = YES;
				CLANG_WARN_INFINITE_RECURSION = YES;
				CLANG_WARN_INT_CONVERSION = YES;
				CLANG_WARN_NON_LITERAL_NULL_CONVERSION = YES;
				CLANG_WARN_OBJC_IMPLICIT_RETAIN_SELF = YES;
				CLANG_WARN_OBJC_LITERAL_CONVERSION = YES;
				CLANG_WARN_OBJC_ROOT_CLASS = YES_ERROR;
				CLANG_WARN_QUOTED_INCLUDE_IN_FRAMEWORK_HEADER = YES;
				CLANG_WARN_RANGE_LOOP_ANALYSIS = YES;
				CLANG_WARN_STRICT_PROTOTYPES = YES;
				CLANG_WARN_SUSPICIOUS_MOVE = YES;
				CLANG_WARN_UNGUARDED_AVAILABILITY = YES_AGGRESSIVE;
				CLANG_WARN_UNREACHABLE_CODE = YES;
				CLANG_WARN__DUPLICATE_METHOD_MATCH = YES;
				CODE_SIGN_ENTITLEMENTS = Courier/Courier.entitlements;
				CODE_SIGN_STYLE = Automatic;
				COPY_PHASE_STRIP = NO;
				DEBUG_INFORMATION_FORMAT = "dwarf-with-dsym";
				DEVELOPMENT_TEAM = FL2978XX59;
				ENABLE_HARDENED_RUNTIME = YES;
				ENABLE_NS_ASSERTIONS = NO;
				ENABLE_STRICT_OBJC_MSGSEND = YES;
				GCC_C_LANGUAGE_STANDARD = gnu11;
				GCC_NO_COMMON_BLOCKS = YES;
				GCC_WARN_64_TO_32_BIT_CONVERSION = YES;
				GCC_WARN_ABOUT_RETURN_TYPE = YES_ERROR;
				GCC_WARN_UNDECLARED_SELECTOR = YES;
				GCC_WARN_UNINITIALIZED_AUTOS = YES_AGGRESSIVE;
				GCC_WARN_UNUSED_FUNCTION = YES;
				GCC_WARN_UNUSED_VARIABLE = YES;
				INFOPLIST_FILE = Courier/App/Info.plist;
				MACOSX_DEPLOYMENT_TARGET = 14.0;
				MTL_ENABLE_DEBUG_INFO = NO;
				MTL_FAST_MATH = YES;
				PRODUCT_BUNDLE_IDENTIFIER = com.courier.Courier;
				PRODUCT_NAME = "$(TARGET_NAME)";
				SDKROOT = macosx;
				SWIFT_COMPILATION_MODE = wholemodule;
				SWIFT_OPTIMIZATION_LEVEL = "-O";
				SWIFT_VERSION = 5.9;
			};
			name = Release;
		};
		BC09409880D6D67F93A6FF63 /* Debug */ = {
			isa = XCBuildConfiguration;
			buildSettings = {
				BUNDLE_LOADER = "$(TEST_HOST)";
				COMBINE_HIDPI_IMAGES = YES;
				LD_RUNPATH_SEARCH_PATHS = (
					"$(inherited)",
					"@executable_path/../Frameworks",
					"@loader_path/../Frameworks",
				);
				MACOSX_DEPLOYMENT_TARGET = 14.0;
				SDKROOT = macosx;
				SWIFT_VERSION = 5.9;
			};
			name = Debug;
		};
/* End XCBuildConfiguration section */

/* Begin XCConfigurationList section */
		280FFDAEF730A1EFC03445EA /* Build configuration list for PBXNativeTarget "Courier" */ = {
			isa = XCConfigurationList;
			buildConfigurations = (
				15D1F95BC398E38861F48602 /* Debug */,
				1D2FE99079D3EF4AF42F2375 /* Release */,
			);
			defaultConfigurationIsVisible = 0;
			defaultConfigurationName = Debug;
		};
		2F46488A2B8FB14BD0B413EF /* Build configuration list for PBXNativeTarget "CourierTests" */ = {
			isa = XCConfigurationList;
			buildConfigurations = (
				BC09409880D6D67F93A6FF63 /* Debug */,
				2813740EDCD7272ADFE6A4A9 /* Release */,
			);
			defaultConfigurationIsVisible = 0;
			defaultConfigurationName = Debug;
		};
		F2ABBC065F5787A2B42E769E /* Build configuration list for PBXProject "Courier" */ = {
			isa = XCConfigurationList;
			buildConfigurations = (
				6729745C78B2C7065F902B10 /* Debug */,
				9EDB4E05A1BDCECC024A72FA /* Release */,
			);
			defaultConfigurationIsVisible = 0;
			defaultConfigurationName = Debug;
		};
/* End XCConfigurationList section */

/* Begin XCRemoteSwiftPackageReference section */
		3DD3CD7657765D628D27DFAC /* XCRemoteSwiftPackageReference "KeyboardShortcuts" */ = {
			isa = XCRemoteSwiftPackageReference;
			repositoryURL = "https://github.com/sindresorhus/KeyboardShortcuts";
			requirement = {
				kind = upToNextMajorVersion;
				minimumVersion = 2.1.0;
			};
		};
/* End XCRemoteSwiftPackageReference section */

/* Begin XCSwiftPackageProductDependency section */
		40A6A677D7FA4E3D9460167B /* KeyboardShortcuts */ = {
			isa = XCSwiftPackageProductDependency;
			package = 3DD3CD7657765D628D27DFAC /* XCRemoteSwiftPackageReference "KeyboardShortcuts" */;
			productName = KeyboardShortcuts;
		};
		673FF32B1E8DE8E261D97327 /* KeyboardShortcuts */ = {
			isa = XCSwiftPackageProductDependency;
			package = 3DD3CD7657765D628D27DFAC /* XCRemoteSwiftPackageReference "KeyboardShortcuts" */;
			productName = KeyboardShortcuts;
		};
/* End XCSwiftPackageProductDependency section */
	};
	rootObject = 5119EEEA9C1B4C00B66AE5C0 /* Project object */;
}
